
Microsoft Visual Studio Solution File, Format Version 12.00
# Visual Studio Version 16
VisualStudioVersion = 16.0.31025.194
MinimumVisualStudioVersion = 10.0.40219.1
Project("{FAE04EC0-301F-11D3-BF4B-00C04F79EFBC}") = "Opdracht1", "Opdracht1\Opdracht1.csproj", "{FC8D064D-EB44-4E8E-9319-5966BBC083DA}"
EndProject
Project("{FAE04EC0-301F-11D3-BF4B-00C04F79EFBC}") = "Opdracht2", "Opdracht2\Opdracht2.csproj", "{5AC9D609-27FE-46F5-BB38-0A7BD8089D31}"
EndProject
Global
	GlobalSection(SolutionConfigurationPlatforms) = preSolution
		Debug|Any CPU = Debug|Any CPU
		Release|Any CPU = Release|Any CPU
	EndGlobalSection
	GlobalSection(ProjectConfigurationPlatforms) = postSolution
		{FC8D064D-EB44-4E8E-9319-5966BBC083DA}.Debug|Any CPU.ActiveCfg = Debug|Any CPU
		{FC8D064D-EB44-4E8E-9319-5966BBC083DA}.Debug|Any CPU.Build.0 = Debug|Any CPU
		{FC8D064D-EB44-4E8E-9319-5966BBC083DA}.Release|Any CPU.ActiveCfg = Release|Any CPU
		{FC8D064D-EB44-4E8E-9319-5966BBC083DA}.Release|Any CPU.Build.0 = Release|Any CPU
		{5AC9D609-27FE-46F5-BB38-0A7BD8089D31}.Debug|Any CPU.ActiveCfg = Debug|Any CPU
		{5AC9D609-27FE-46F5-BB38-0A7BD8089D31}.Debug|Any CPU.Build.0 = Debug|Any CPU
		{5AC9D609-27FE-46F5-BB38-0A7BD8089D31}.Release|Any CPU.ActiveCfg = Release|Any CPU
		{5AC9D609-27FE-46F5-BB38-0A7BD8089D31}.Release|Any CPU.Build.0 = Release|Any CPU
	EndGlobalSection
	GlobalSection(SolutionProperties) = preSolution
		HideSolutionNode = FALSE
	EndGlobalSection
	GlobalSection(ExtensibilityGlobals) = postSolution
		SolutionGuid = {180CECA0-E582-4D09-86CF-8DE1D0B14A56}
	EndGlobalSection
EndGlobal
