
Microsoft Visual Studio Solution File, Format Version 12.00
# Visual Studio Version 16
VisualStudioVersion = 16.0.31025.194
MinimumVisualStudioVersion = 10.0.40219.1
Project("{9A19103F-16F7-4668-BE54-9A1E7A4F7556}") = "Opdracht1", "Opdracht1\Opdracht1.csproj", "{BE638A9A-EF5A-4185-8466-0577EC12DD46}"
EndProject
Project("{FAE04EC0-301F-11D3-BF4B-00C04F79EFBC}") = "Opdracht2", "Opdracht2\Opdracht2.csproj", "{34459B71-878E-4330-AD39-26FD6A5F31EF}"
EndProject
Global
	GlobalSection(SolutionConfigurationPlatforms) = preSolution
		Debug|Any CPU = Debug|Any CPU
		Release|Any CPU = Release|Any CPU
	EndGlobalSection
	GlobalSection(ProjectConfigurationPlatforms) = postSolution
		{BE638A9A-EF5A-4185-8466-0577EC12DD46}.Debug|Any CPU.ActiveCfg = Debug|Any CPU
		{BE638A9A-EF5A-4185-8466-0577EC12DD46}.Debug|Any CPU.Build.0 = Debug|Any CPU
		{BE638A9A-EF5A-4185-8466-0577EC12DD46}.Release|Any CPU.ActiveCfg = Release|Any CPU
		{BE638A9A-EF5A-4185-8466-0577EC12DD46}.Release|Any CPU.Build.0 = Release|Any CPU
		{34459B71-878E-4330-AD39-26FD6A5F31EF}.Debug|Any CPU.ActiveCfg = Debug|Any CPU
		{34459B71-878E-4330-AD39-26FD6A5F31EF}.Debug|Any CPU.Build.0 = Debug|Any CPU
		{34459B71-878E-4330-AD39-26FD6A5F31EF}.Release|Any CPU.ActiveCfg = Release|Any CPU
		{34459B71-878E-4330-AD39-26FD6A5F31EF}.Release|Any CPU.Build.0 = Release|Any CPU
	EndGlobalSection
	GlobalSection(SolutionProperties) = preSolution
		HideSolutionNode = FALSE
	EndGlobalSection
	GlobalSection(ExtensibilityGlobals) = postSolution
		SolutionGuid = {A1710F44-1905-492A-A44D-13EB8460D7DA}
	EndGlobalSection
EndGlobal
